// !$*UTF8*$!
{
	archiveVersion = 1;
	classes = {
	};
	objectVersion = 56;
	objects = {

/* Begin PBXBuildFile section */
		04CAEF5929B3029B00A4FB62 /* BufetecApp.swift in Sources */ = {isa = PBXBuildFile; fileRef = 04CAEF5829B3029B00A4FB62 /* BufetecApp.swift */; };
		04CAEF5B29B3029B00A4FB62 /* ContentView.swift in Sources */ = {isa = PBXBuildFile; fileRef = 04CAEF5A29B3029B00A4FB62 /* ContentView.swift */; };
		04CAEF5D29B3029D00A4FB62 /* Assets.xcassets in Resources */ = {isa = PBXBuildFile; fileRef = 04CAEF5C29B3029D00A4FB62 /* Assets.xcassets */; };
		04CAEF6029B3029D00A4FB62 /* Preview Assets.xcassets in Resources */ = {isa = PBXBuildFile; fileRef = 04CAEF5F29B3029D00A4FB62 /* Preview Assets.xcassets */; };
		04CAEF8929B304E600A4FB62 /* LawyerView.swift in Sources */ = {isa = PBXBuildFile; fileRef = 04CAEF8829B304E600A4FB62 /* LawyerView.swift */; };
		04CAEF8B29B3051600A4FB62 /* CasesView.swift in Sources */ = {isa = PBXBuildFile; fileRef = 04CAEF8A29B3051600A4FB62 /* CasesView.swift */; };
		41203A412C6D4187006E1FAC /* SettingsView.swift in Sources */ = {isa = PBXBuildFile; fileRef = 41203A402C6D4187006E1FAC /* SettingsView.swift */; };
		4179019C2C6FB356006D0431 /* AppearanceSelectionPicker.swift in Sources */ = {isa = PBXBuildFile; fileRef = 4179019B2C6FB356006D0431 /* AppearanceSelectionPicker.swift */; };
		41AD45F22C9D274A001E43E2 /* Kingfisher in Frameworks */ = {isa = PBXBuildFile; productRef = 41AD45F12C9D274A001E43E2 /* Kingfisher */; };
		41D3F7772C893CD700D44145 /* ObservableUserDefault in Frameworks */ = {isa = PBXBuildFile; productRef = 41D3F7762C893CD700D44145 /* ObservableUserDefault */; };
		41D581542C6AB35D00E463CD /* Cosen-Medium.ttf in Resources */ = {isa = PBXBuildFile; fileRef = 41D581532C6AB35D00E463CD /* Cosen-Medium.ttf */; };
		41EB8AFA2C9D158E00929E28 /* NewsContentView.swift in Sources */ = {isa = PBXBuildFile; fileRef = 41EB8AF92C9D158E00929E28 /* NewsContentView.swift */; };
		41EB8AFB2C9D158E00929E28 /* FullNewsView.swift in Sources */ = {isa = PBXBuildFile; fileRef = 41EB8AF82C9D158E00929E28 /* FullNewsView.swift */; };
		41F2B19E2C6FB46600DE8B10 /* AppearanceManager.swift in Sources */ = {isa = PBXBuildFile; fileRef = 41F2B19D2C6FB46600DE8B10 /* AppearanceManager.swift */; };
		41F2B1A02C6FB48700DE8B10 /* Appearance.swift in Sources */ = {isa = PBXBuildFile; fileRef = 41F2B19F2C6FB48700DE8B10 /* Appearance.swift */; };
		4CC899032CA48B6600922AF8 /* EditProfileView.swift in Sources */ = {isa = PBXBuildFile; fileRef = 4CC899002CA48B6600922AF8 /* EditProfileView.swift */; };
		4CC899042CA48B6600922AF8 /* ProfileView.swift in Sources */ = {isa = PBXBuildFile; fileRef = 4CC899012CA48B6600922AF8 /* ProfileView.swift */; };
		4CC8990A2CA48B7C00922AF8 /* DocumentScanView.swift in Sources */ = {isa = PBXBuildFile; fileRef = 4CC899052CA48B7C00922AF8 /* DocumentScanView.swift */; };
		4CC8990B2CA48B7C00922AF8 /* DocumentValidationView.swift in Sources */ = {isa = PBXBuildFile; fileRef = 4CC899062CA48B7C00922AF8 /* DocumentValidationView.swift */; };
		4CC8990C2CA48B7C00922AF8 /* LoginView.swift in Sources */ = {isa = PBXBuildFile; fileRef = 4CC899072CA48B7C00922AF8 /* LoginView.swift */; };
		4CC8990D2CA48B7C00922AF8 /* RegisterView.swift in Sources */ = {isa = PBXBuildFile; fileRef = 4CC899082CA48B7C00922AF8 /* RegisterView.swift */; };
		4CC899162CA48B8D00922AF8 /* APIKey.swift in Sources */ = {isa = PBXBuildFile; fileRef = 4CC8990E2CA48B8D00922AF8 /* APIKey.swift */; };
		4CC899172CA48B8D00922AF8 /* ChatBot.swift in Sources */ = {isa = PBXBuildFile; fileRef = 4CC8990F2CA48B8D00922AF8 /* ChatBot.swift */; };
		4CC899182CA48B8D00922AF8 /* ChatBubble.swift in Sources */ = {isa = PBXBuildFile; fileRef = 4CC899102CA48B8D00922AF8 /* ChatBubble.swift */; };
		4CC899192CA48B8D00922AF8 /* ChatBubbleShape.swift in Sources */ = {isa = PBXBuildFile; fileRef = 4CC899112CA48B8D00922AF8 /* ChatBubbleShape.swift */; };
		4CC8991A2CA48B8D00922AF8 /* LoadView.swift in Sources */ = {isa = PBXBuildFile; fileRef = 4CC899122CA48B8D00922AF8 /* LoadView.swift */; };
		4CC8991B2CA48B8D00922AF8 /* MultiturnChatView.swift in Sources */ = {isa = PBXBuildFile; fileRef = 4CC899132CA48B8D00922AF8 /* MultiturnChatView.swift */; };
		4CC8991C2CA48B8D00922AF8 /* OnboardingChatBotView.swift in Sources */ = {isa = PBXBuildFile; fileRef = 4CC899142CA48B8D00922AF8 /* OnboardingChatBotView.swift */; };
		4CC8991F2CA48B9600922AF8 /* AppointmentsView.swift in Sources */ = {isa = PBXBuildFile; fileRef = 4CC8991D2CA48B9600922AF8 /* AppointmentsView.swift */; };
		4CC899262CA48BA300922AF8 /* OnboardingScreen1View.swift in Sources */ = {isa = PBXBuildFile; fileRef = 4CC899202CA48BA300922AF8 /* OnboardingScreen1View.swift */; };
		4CC899272CA48BA300922AF8 /* OnboardingScreen2View.swift in Sources */ = {isa = PBXBuildFile; fileRef = 4CC899212CA48BA300922AF8 /* OnboardingScreen2View.swift */; };
		4CC899282CA48BA300922AF8 /* OnboardingScreen3View.swift in Sources */ = {isa = PBXBuildFile; fileRef = 4CC899222CA48BA300922AF8 /* OnboardingScreen3View.swift */; };
		4CC899292CA48BA300922AF8 /* OnboardingView.swift in Sources */ = {isa = PBXBuildFile; fileRef = 4CC899232CA48BA300922AF8 /* OnboardingView.swift */; };
		4CC8992A2CA48BA300922AF8 /* WelcomeScreenView.swift in Sources */ = {isa = PBXBuildFile; fileRef = 4CC899242CA48BA300922AF8 /* WelcomeScreenView.swift */; };
		ECA58D422C9B4F4D0081ECDE /* AttorneysView.swift in Sources */ = {isa = PBXBuildFile; fileRef = ECA58D412C9B4F4D0081ECDE /* AttorneysView.swift */; };
		ECA58D442C9B51980081ECDE /* Attorneys.swift in Sources */ = {isa = PBXBuildFile; fileRef = ECA58D432C9B51980081ECDE /* Attorneys.swift */; };
		ECB146FD2CA1F401009D5B70 /* ClientView.swift in Sources */ = {isa = PBXBuildFile; fileRef = ECB146FC2CA1F401009D5B70 /* ClientView.swift */; };
		ECB146FF2CA20516009D5B70 /* ResourcesView.swift in Sources */ = {isa = PBXBuildFile; fileRef = ECB146FE2CA20516009D5B70 /* ResourcesView.swift */; };
		ECB147012CA2056C009D5B70 /* FAQView.swift in Sources */ = {isa = PBXBuildFile; fileRef = ECB147002CA2056C009D5B70 /* FAQView.swift */; };
		ECB60E212C8B923F007535DB /* Montserrat-ExtraBold.ttf in Resources */ = {isa = PBXBuildFile; fileRef = ECB60E202C8B923F007535DB /* Montserrat-ExtraBold.ttf */; };
		ECB60E232C8B92F6007535DB /* Montserrat-Bold.ttf in Resources */ = {isa = PBXBuildFile; fileRef = ECB60E222C8B92F6007535DB /* Montserrat-Bold.ttf */; };
		ECB60E252C8B9312007535DB /* Montserrat-Medium.ttf in Resources */ = {isa = PBXBuildFile; fileRef = ECB60E242C8B9312007535DB /* Montserrat-Medium.ttf */; };
		ECB60E272C8B9346007535DB /* Montserrat-SemiBold.ttf in Resources */ = {isa = PBXBuildFile; fileRef = ECB60E262C8B9346007535DB /* Montserrat-SemiBold.ttf */; };
		ECB60E292C8B9397007535DB /* Poppins-ExtraBold.ttf in Resources */ = {isa = PBXBuildFile; fileRef = ECB60E282C8B9397007535DB /* Poppins-ExtraBold.ttf */; };
		ECB60E2B2C8B93B6007535DB /* Montserrat-Regular.ttf in Resources */ = {isa = PBXBuildFile; fileRef = ECB60E2A2C8B93B6007535DB /* Montserrat-Regular.ttf */; };
		ECB60E2D2C8B93E6007535DB /* Poppins-Medium.ttf in Resources */ = {isa = PBXBuildFile; fileRef = ECB60E2C2C8B93E6007535DB /* Poppins-Medium.ttf */; };
		ECB60E2F2C8B9403007535DB /* Poppins-SemiBold.ttf in Resources */ = {isa = PBXBuildFile; fileRef = ECB60E2E2C8B9403007535DB /* Poppins-SemiBold.ttf */; };
		ECB60E312C8B945C007535DB /* Nunito-Medium.ttf in Resources */ = {isa = PBXBuildFile; fileRef = ECB60E302C8B945C007535DB /* Nunito-Medium.ttf */; };
		ECB60E332C8B9467007535DB /* Nunito-ExtraBold.ttf in Resources */ = {isa = PBXBuildFile; fileRef = ECB60E322C8B9467007535DB /* Nunito-ExtraBold.ttf */; };
		ECB60E352C8B947C007535DB /* Nunito-Bold.ttf in Resources */ = {isa = PBXBuildFile; fileRef = ECB60E342C8B947C007535DB /* Nunito-Bold.ttf */; };
		ECB60E372C8B94A9007535DB /* Nunito-SemiBold.ttf in Resources */ = {isa = PBXBuildFile; fileRef = ECB60E362C8B94A9007535DB /* Nunito-SemiBold.ttf */; };
		ECB60E392C8B9509007535DB /* Nunito-Black.ttf in Resources */ = {isa = PBXBuildFile; fileRef = ECB60E382C8B9509007535DB /* Nunito-Black.ttf */; };
		ECB60E3B2C8B955B007535DB /* Nunito-Regular.ttf in Resources */ = {isa = PBXBuildFile; fileRef = ECB60E3A2C8B955B007535DB /* Nunito-Regular.ttf */; };
		ECB60E3D2C8B958D007535DB /* Poppins-Bold.ttf in Resources */ = {isa = PBXBuildFile; fileRef = ECB60E3C2C8B958D007535DB /* Poppins-Bold.ttf */; };
		ECB60E3F2C8B9786007535DB /* Manrope-Bold.ttf in Resources */ = {isa = PBXBuildFile; fileRef = ECB60E3E2C8B9786007535DB /* Manrope-Bold.ttf */; };
		ECB60E412C8B9795007535DB /* Manrope-Medium.ttf in Resources */ = {isa = PBXBuildFile; fileRef = ECB60E402C8B9795007535DB /* Manrope-Medium.ttf */; };
		ECB60E432C8B9B53007535DB /* Fonts.swift in Sources */ = {isa = PBXBuildFile; fileRef = ECB60E422C8B9B53007535DB /* Fonts.swift */; };
		ECE240512C8F96DA00F84D0D /* GoogleGenerativeAI in Frameworks */ = {isa = PBXBuildFile; productRef = ECE240502C8F96DA00F84D0D /* GoogleGenerativeAI */; };
/* End PBXBuildFile section */

/* Begin PBXFileReference section */
		04CAEF5529B3029B00A4FB62 /* BufetecAppPrototipo.app */ = {isa = PBXFileReference; explicitFileType = wrapper.application; includeInIndex = 0; path = BufetecAppPrototipo.app; sourceTree = BUILT_PRODUCTS_DIR; };
		04CAEF5829B3029B00A4FB62 /* BufetecApp.swift */ = {isa = PBXFileReference; lastKnownFileType = sourcecode.swift; path = BufetecApp.swift; sourceTree = "<group>"; };
		04CAEF5A29B3029B00A4FB62 /* ContentView.swift */ = {isa = PBXFileReference; lastKnownFileType = sourcecode.swift; path = ContentView.swift; sourceTree = "<group>"; };
		04CAEF5C29B3029D00A4FB62 /* Assets.xcassets */ = {isa = PBXFileReference; lastKnownFileType = folder.assetcatalog; path = Assets.xcassets; sourceTree = "<group>"; };
		04CAEF5F29B3029D00A4FB62 /* Preview Assets.xcassets */ = {isa = PBXFileReference; lastKnownFileType = folder.assetcatalog; path = "Preview Assets.xcassets"; sourceTree = "<group>"; };
		04CAEF8829B304E600A4FB62 /* LawyerView.swift */ = {isa = PBXFileReference; lastKnownFileType = sourcecode.swift; path = LawyerView.swift; sourceTree = "<group>"; };
		04CAEF8A29B3051600A4FB62 /* CasesView.swift */ = {isa = PBXFileReference; lastKnownFileType = sourcecode.swift; path = CasesView.swift; sourceTree = "<group>"; };
		41203A402C6D4187006E1FAC /* SettingsView.swift */ = {isa = PBXFileReference; lastKnownFileType = sourcecode.swift; path = SettingsView.swift; sourceTree = "<group>"; };
		41284E382C6AAAB200067460 /* Info.plist */ = {isa = PBXFileReference; lastKnownFileType = text.plist; path = Info.plist; sourceTree = "<group>"; };
		4179019B2C6FB356006D0431 /* AppearanceSelectionPicker.swift */ = {isa = PBXFileReference; lastKnownFileType = sourcecode.swift; path = AppearanceSelectionPicker.swift; sourceTree = "<group>"; };
		41D581532C6AB35D00E463CD /* Cosen-Medium.ttf */ = {isa = PBXFileReference; lastKnownFileType = text; path = "Cosen-Medium.ttf"; sourceTree = "<group>"; };
		41EB8AF82C9D158E00929E28 /* FullNewsView.swift */ = {isa = PBXFileReference; lastKnownFileType = sourcecode.swift; path = FullNewsView.swift; sourceTree = "<group>"; };
		41EB8AF92C9D158E00929E28 /* NewsContentView.swift */ = {isa = PBXFileReference; lastKnownFileType = sourcecode.swift; path = NewsContentView.swift; sourceTree = "<group>"; };
		41F2B19D2C6FB46600DE8B10 /* AppearanceManager.swift */ = {isa = PBXFileReference; lastKnownFileType = sourcecode.swift; path = AppearanceManager.swift; sourceTree = "<group>"; };
		41F2B19F2C6FB48700DE8B10 /* Appearance.swift */ = {isa = PBXFileReference; lastKnownFileType = sourcecode.swift; path = Appearance.swift; sourceTree = "<group>"; };
		4CC899002CA48B6600922AF8 /* EditProfileView.swift */ = {isa = PBXFileReference; fileEncoding = 4; lastKnownFileType = sourcecode.swift; path = EditProfileView.swift; sourceTree = "<group>"; };
		4CC899012CA48B6600922AF8 /* ProfileView.swift */ = {isa = PBXFileReference; fileEncoding = 4; lastKnownFileType = sourcecode.swift; path = ProfileView.swift; sourceTree = "<group>"; };
		4CC899052CA48B7C00922AF8 /* DocumentScanView.swift */ = {isa = PBXFileReference; fileEncoding = 4; lastKnownFileType = sourcecode.swift; path = DocumentScanView.swift; sourceTree = "<group>"; };
		4CC899062CA48B7C00922AF8 /* DocumentValidationView.swift */ = {isa = PBXFileReference; fileEncoding = 4; lastKnownFileType = sourcecode.swift; path = DocumentValidationView.swift; sourceTree = "<group>"; };
		4CC899072CA48B7C00922AF8 /* LoginView.swift */ = {isa = PBXFileReference; fileEncoding = 4; lastKnownFileType = sourcecode.swift; path = LoginView.swift; sourceTree = "<group>"; };
		4CC899082CA48B7C00922AF8 /* RegisterView.swift */ = {isa = PBXFileReference; fileEncoding = 4; lastKnownFileType = sourcecode.swift; path = RegisterView.swift; sourceTree = "<group>"; };
		4CC8990E2CA48B8D00922AF8 /* APIKey.swift */ = {isa = PBXFileReference; fileEncoding = 4; lastKnownFileType = sourcecode.swift; path = APIKey.swift; sourceTree = "<group>"; };
		4CC8990F2CA48B8D00922AF8 /* ChatBot.swift */ = {isa = PBXFileReference; fileEncoding = 4; lastKnownFileType = sourcecode.swift; path = ChatBot.swift; sourceTree = "<group>"; };
		4CC899102CA48B8D00922AF8 /* ChatBubble.swift */ = {isa = PBXFileReference; fileEncoding = 4; lastKnownFileType = sourcecode.swift; path = ChatBubble.swift; sourceTree = "<group>"; };
		4CC899112CA48B8D00922AF8 /* ChatBubbleShape.swift */ = {isa = PBXFileReference; fileEncoding = 4; lastKnownFileType = sourcecode.swift; path = ChatBubbleShape.swift; sourceTree = "<group>"; };
		4CC899122CA48B8D00922AF8 /* LoadView.swift */ = {isa = PBXFileReference; fileEncoding = 4; lastKnownFileType = sourcecode.swift; path = LoadView.swift; sourceTree = "<group>"; };
		4CC899132CA48B8D00922AF8 /* MultiturnChatView.swift */ = {isa = PBXFileReference; fileEncoding = 4; lastKnownFileType = sourcecode.swift; path = MultiturnChatView.swift; sourceTree = "<group>"; };
		4CC899142CA48B8D00922AF8 /* OnboardingChatBotView.swift */ = {isa = PBXFileReference; fileEncoding = 4; lastKnownFileType = sourcecode.swift; path = OnboardingChatBotView.swift; sourceTree = "<group>"; };
		4CC8991D2CA48B9600922AF8 /* AppointmentsView.swift */ = {isa = PBXFileReference; fileEncoding = 4; lastKnownFileType = sourcecode.swift; path = AppointmentsView.swift; sourceTree = "<group>"; };
		4CC899202CA48BA300922AF8 /* OnboardingScreen1View.swift */ = {isa = PBXFileReference; fileEncoding = 4; lastKnownFileType = sourcecode.swift; path = OnboardingScreen1View.swift; sourceTree = "<group>"; };
		4CC899212CA48BA300922AF8 /* OnboardingScreen2View.swift */ = {isa = PBXFileReference; fileEncoding = 4; lastKnownFileType = sourcecode.swift; path = OnboardingScreen2View.swift; sourceTree = "<group>"; };
		4CC899222CA48BA300922AF8 /* OnboardingScreen3View.swift */ = {isa = PBXFileReference; fileEncoding = 4; lastKnownFileType = sourcecode.swift; path = OnboardingScreen3View.swift; sourceTree = "<group>"; };
		4CC899232CA48BA300922AF8 /* OnboardingView.swift */ = {isa = PBXFileReference; fileEncoding = 4; lastKnownFileType = sourcecode.swift; path = OnboardingView.swift; sourceTree = "<group>"; };
		4CC899242CA48BA300922AF8 /* WelcomeScreenView.swift */ = {isa = PBXFileReference; fileEncoding = 4; lastKnownFileType = sourcecode.swift; path = WelcomeScreenView.swift; sourceTree = "<group>"; };
		ECA58D412C9B4F4D0081ECDE /* AttorneysView.swift */ = {isa = PBXFileReference; lastKnownFileType = sourcecode.swift; path = AttorneysView.swift; sourceTree = "<group>"; };
		ECA58D432C9B51980081ECDE /* Attorneys.swift */ = {isa = PBXFileReference; lastKnownFileType = sourcecode.swift; path = Attorneys.swift; sourceTree = "<group>"; };
		ECB146FC2CA1F401009D5B70 /* ClientView.swift */ = {isa = PBXFileReference; lastKnownFileType = sourcecode.swift; path = ClientView.swift; sourceTree = "<group>"; };
		ECB146FE2CA20516009D5B70 /* ResourcesView.swift */ = {isa = PBXFileReference; lastKnownFileType = sourcecode.swift; path = ResourcesView.swift; sourceTree = "<group>"; };
		ECB147002CA2056C009D5B70 /* FAQView.swift */ = {isa = PBXFileReference; lastKnownFileType = sourcecode.swift; path = FAQView.swift; sourceTree = "<group>"; };
		ECB60E202C8B923F007535DB /* Montserrat-ExtraBold.ttf */ = {isa = PBXFileReference; lastKnownFileType = text; path = "Montserrat-ExtraBold.ttf"; sourceTree = "<group>"; };
		ECB60E222C8B92F6007535DB /* Montserrat-Bold.ttf */ = {isa = PBXFileReference; lastKnownFileType = text; path = "Montserrat-Bold.ttf"; sourceTree = "<group>"; };
		ECB60E242C8B9312007535DB /* Montserrat-Medium.ttf */ = {isa = PBXFileReference; lastKnownFileType = text; path = "Montserrat-Medium.ttf"; sourceTree = "<group>"; };
		ECB60E262C8B9346007535DB /* Montserrat-SemiBold.ttf */ = {isa = PBXFileReference; lastKnownFileType = text; path = "Montserrat-SemiBold.ttf"; sourceTree = "<group>"; };
		ECB60E282C8B9397007535DB /* Poppins-ExtraBold.ttf */ = {isa = PBXFileReference; lastKnownFileType = text; path = "Poppins-ExtraBold.ttf"; sourceTree = "<group>"; };
		ECB60E2A2C8B93B6007535DB /* Montserrat-Regular.ttf */ = {isa = PBXFileReference; lastKnownFileType = text; path = "Montserrat-Regular.ttf"; sourceTree = "<group>"; };
		ECB60E2C2C8B93E6007535DB /* Poppins-Medium.ttf */ = {isa = PBXFileReference; lastKnownFileType = text; path = "Poppins-Medium.ttf"; sourceTree = "<group>"; };
		ECB60E2E2C8B9403007535DB /* Poppins-SemiBold.ttf */ = {isa = PBXFileReference; lastKnownFileType = text; path = "Poppins-SemiBold.ttf"; sourceTree = "<group>"; };
		ECB60E302C8B945C007535DB /* Nunito-Medium.ttf */ = {isa = PBXFileReference; lastKnownFileType = text; path = "Nunito-Medium.ttf"; sourceTree = "<group>"; };
		ECB60E322C8B9467007535DB /* Nunito-ExtraBold.ttf */ = {isa = PBXFileReference; lastKnownFileType = file; path = "Nunito-ExtraBold.ttf"; sourceTree = "<group>"; };
		ECB60E342C8B947C007535DB /* Nunito-Bold.ttf */ = {isa = PBXFileReference; lastKnownFileType = file; path = "Nunito-Bold.ttf"; sourceTree = "<group>"; };
		ECB60E362C8B94A9007535DB /* Nunito-SemiBold.ttf */ = {isa = PBXFileReference; lastKnownFileType = file; path = "Nunito-SemiBold.ttf"; sourceTree = "<group>"; };
		ECB60E382C8B9509007535DB /* Nunito-Black.ttf */ = {isa = PBXFileReference; lastKnownFileType = file; path = "Nunito-Black.ttf"; sourceTree = "<group>"; };
		ECB60E3A2C8B955B007535DB /* Nunito-Regular.ttf */ = {isa = PBXFileReference; lastKnownFileType = text; path = "Nunito-Regular.ttf"; sourceTree = "<group>"; };
		ECB60E3C2C8B958D007535DB /* Poppins-Bold.ttf */ = {isa = PBXFileReference; lastKnownFileType = text; path = "Poppins-Bold.ttf"; sourceTree = "<group>"; };
		ECB60E3E2C8B9786007535DB /* Manrope-Bold.ttf */ = {isa = PBXFileReference; lastKnownFileType = file; path = "Manrope-Bold.ttf"; sourceTree = "<group>"; };
		ECB60E402C8B9795007535DB /* Manrope-Medium.ttf */ = {isa = PBXFileReference; lastKnownFileType = file; path = "Manrope-Medium.ttf"; sourceTree = "<group>"; };
		ECB60E422C8B9B53007535DB /* Fonts.swift */ = {isa = PBXFileReference; lastKnownFileType = sourcecode.swift; path = Fonts.swift; sourceTree = "<group>"; };
/* End PBXFileReference section */

/* Begin PBXFrameworksBuildPhase section */
		04CAEF5229B3029B00A4FB62 /* Frameworks */ = {
			isa = PBXFrameworksBuildPhase;
			buildActionMask = 2147483647;
			files = (
				41AD45F22C9D274A001E43E2 /* Kingfisher in Frameworks */,
				41D3F7772C893CD700D44145 /* ObservableUserDefault in Frameworks */,
				ECE240512C8F96DA00F84D0D /* GoogleGenerativeAI in Frameworks */,
			);
			runOnlyForDeploymentPostprocessing = 0;
		};
/* End PBXFrameworksBuildPhase section */

/* Begin PBXGroup section */
		04CAEF4C29B3029B00A4FB62 = {
			isa = PBXGroup;
			children = (
				04CAEF5729B3029B00A4FB62 /* BufetecAppPrototipo */,
				04CAEF5629B3029B00A4FB62 /* Products */,
			);
			sourceTree = "<group>";
		};
		04CAEF5629B3029B00A4FB62 /* Products */ = {
			isa = PBXGroup;
			children = (
				04CAEF5529B3029B00A4FB62 /* BufetecAppPrototipo.app */,
			);
			name = Products;
			sourceTree = "<group>";
		};
		04CAEF5729B3029B00A4FB62 /* BufetecAppPrototipo */ = {
			isa = PBXGroup;
			children = (
				41284E382C6AAAB200067460 /* Info.plist */,
				413606872C6AA42B0006A3EC /* Fonts */,
				04CAEF8229B3047900A4FB62 /* Main */,
				04CAEF5C29B3029D00A4FB62 /* Assets.xcassets */,
				04CAEF5E29B3029D00A4FB62 /* Preview Content */,
			);
			path = BufetecAppPrototipo;
			sourceTree = "<group>";
		};
		04CAEF5E29B3029D00A4FB62 /* Preview Content */ = {
			isa = PBXGroup;
			children = (
				04CAEF5F29B3029D00A4FB62 /* Preview Assets.xcassets */,
			);
			path = "Preview Content";
			sourceTree = "<group>";
		};
		04CAEF8229B3047900A4FB62 /* Main */ = {
			isa = PBXGroup;
			children = (
				410484E12C6FDF3D006DEDE4 /* Utility */,
				04CAEF5829B3029B00A4FB62 /* BufetecApp.swift */,
				04CAEF5A29B3029B00A4FB62 /* ContentView.swift */,
				41203A402C6D4187006E1FAC /* SettingsView.swift */,
				04CAEF8829B304E600A4FB62 /* LawyerView.swift */,
				41EB8AF82C9D158E00929E28 /* FullNewsView.swift */,
				ECB146FC2CA1F401009D5B70 /* ClientView.swift */,
				41EB8AF92C9D158E00929E28 /* NewsContentView.swift */,
				ECB147002CA2056C009D5B70 /* FAQView.swift */,
				ECB146FE2CA20516009D5B70 /* ResourcesView.swift */,
				04CAEF8A29B3051600A4FB62 /* CasesView.swift */,
				4CC899252CA48BA300922AF8 /* Onboardings */,
				4CC8991E2CA48B9600922AF8 /* Appointments */,
				4CC899152CA48B8D00922AF8 /* ChatBot */,
				4CC899092CA48B7C00922AF8 /* LogIn&Reg */,
				4CC899022CA48B6600922AF8 /* Profile */,
				ECA58D402C9B4F2B0081ECDE /* AttorneysViews */,
			);
			path = Main;
			sourceTree = "<group>";
		};
		410484E12C6FDF3D006DEDE4 /* Utility */ = {
			isa = PBXGroup;
			children = (
				41F2B19F2C6FB48700DE8B10 /* Appearance.swift */,
				41F2B19D2C6FB46600DE8B10 /* AppearanceManager.swift */,
				4179019B2C6FB356006D0431 /* AppearanceSelectionPicker.swift */,
			);
			path = Utility;
			sourceTree = "<group>";
		};
		413606872C6AA42B0006A3EC /* Fonts */ = {
			isa = PBXGroup;
			children = (
				41D581532C6AB35D00E463CD /* Cosen-Medium.ttf */,
				ECB60E2A2C8B93B6007535DB /* Montserrat-Regular.ttf */,
				ECB60E242C8B9312007535DB /* Montserrat-Medium.ttf */,
				ECB60E262C8B9346007535DB /* Montserrat-SemiBold.ttf */,
				ECB60E222C8B92F6007535DB /* Montserrat-Bold.ttf */,
				ECB60E202C8B923F007535DB /* Montserrat-ExtraBold.ttf */,
				ECB60E2C2C8B93E6007535DB /* Poppins-Medium.ttf */,
				ECB60E2E2C8B9403007535DB /* Poppins-SemiBold.ttf */,
				ECB60E3C2C8B958D007535DB /* Poppins-Bold.ttf */,
				ECB60E282C8B9397007535DB /* Poppins-ExtraBold.ttf */,
				ECB60E3A2C8B955B007535DB /* Nunito-Regular.ttf */,
				ECB60E302C8B945C007535DB /* Nunito-Medium.ttf */,
				ECB60E362C8B94A9007535DB /* Nunito-SemiBold.ttf */,
				ECB60E342C8B947C007535DB /* Nunito-Bold.ttf */,
				ECB60E322C8B9467007535DB /* Nunito-ExtraBold.ttf */,
				ECB60E382C8B9509007535DB /* Nunito-Black.ttf */,
				ECB60E402C8B9795007535DB /* Manrope-Medium.ttf */,
				ECB60E3E2C8B9786007535DB /* Manrope-Bold.ttf */,
				ECB60E422C8B9B53007535DB /* Fonts.swift */,
			);
			path = Fonts;
			sourceTree = "<group>";
		};
		4CC899022CA48B6600922AF8 /* Profile */ = {
			isa = PBXGroup;
			children = (
				4CC899002CA48B6600922AF8 /* EditProfileView.swift */,
				4CC899012CA48B6600922AF8 /* ProfileView.swift */,
			);
			path = Profile;
			sourceTree = "<group>";
		};
		4CC899092CA48B7C00922AF8 /* LogIn&Reg */ = {
			isa = PBXGroup;
			children = (
				4CC899052CA48B7C00922AF8 /* DocumentScanView.swift */,
				4CC899062CA48B7C00922AF8 /* DocumentValidationView.swift */,
				4CC899072CA48B7C00922AF8 /* LoginView.swift */,
				4CC899082CA48B7C00922AF8 /* RegisterView.swift */,
			);
			path = "LogIn&Reg";
			sourceTree = "<group>";
		};
		4CC899152CA48B8D00922AF8 /* ChatBot */ = {
			isa = PBXGroup;
			children = (
				4CC8990E2CA48B8D00922AF8 /* APIKey.swift */,
				4CC8990F2CA48B8D00922AF8 /* ChatBot.swift */,
				4CC899102CA48B8D00922AF8 /* ChatBubble.swift */,
				4CC899112CA48B8D00922AF8 /* ChatBubbleShape.swift */,
				4CC899122CA48B8D00922AF8 /* LoadView.swift */,
				4CC899132CA48B8D00922AF8 /* MultiturnChatView.swift */,
				4CC899142CA48B8D00922AF8 /* OnboardingChatBotView.swift */,
			);
			path = ChatBot;
			sourceTree = "<group>";
		};
		4CC8991E2CA48B9600922AF8 /* Appointments */ = {
			isa = PBXGroup;
			children = (
				4CC8991D2CA48B9600922AF8 /* AppointmentsView.swift */,
			);
			path = Appointments;
			sourceTree = "<group>";
		};
		4CC899252CA48BA300922AF8 /* Onboardings */ = {
			isa = PBXGroup;
			children = (
				4CC899202CA48BA300922AF8 /* OnboardingScreen1View.swift */,
				4CC899212CA48BA300922AF8 /* OnboardingScreen2View.swift */,
				4CC899222CA48BA300922AF8 /* OnboardingScreen3View.swift */,
				4CC899232CA48BA300922AF8 /* OnboardingView.swift */,
				4CC899242CA48BA300922AF8 /* WelcomeScreenView.swift */,
			);
			path = Onboardings;
			sourceTree = "<group>";
		};
		ECA58D402C9B4F2B0081ECDE /* AttorneysViews */ = {
			isa = PBXGroup;
			children = (
				ECA58D412C9B4F4D0081ECDE /* AttorneysView.swift */,
				ECA58D432C9B51980081ECDE /* Attorneys.swift */,
			);
			path = AttorneysViews;
			sourceTree = "<group>";
		};
/* End PBXGroup section */

/* Begin PBXNativeTarget section */
		04CAEF5429B3029B00A4FB62 /* BufetecAppPrototipo */ = {
			isa = PBXNativeTarget;
			buildConfigurationList = 04CAEF7929B3029E00A4FB62 /* Build configuration list for PBXNativeTarget "BufetecAppPrototipo" */;
			buildPhases = (
				04CAEF5129B3029B00A4FB62 /* Sources */,
				04CAEF5229B3029B00A4FB62 /* Frameworks */,
				04CAEF5329B3029B00A4FB62 /* Resources */,
			);
			buildRules = (
			);
			dependencies = (
			);
			name = BufetecAppPrototipo;
			packageProductDependencies = (
				41D3F7762C893CD700D44145 /* ObservableUserDefault */,
				ECE240502C8F96DA00F84D0D /* GoogleGenerativeAI */,
				41AD45F12C9D274A001E43E2 /* Kingfisher */,
			);
			productName = CustomTabbarSwiftUI;
			productReference = 04CAEF5529B3029B00A4FB62 /* BufetecAppPrototipo.app */;
			productType = "com.apple.product-type.application";
		};
/* End PBXNativeTarget section */

/* Begin PBXProject section */
		04CAEF4D29B3029B00A4FB62 /* Project object */ = {
			isa = PBXProject;
			attributes = {
				BuildIndependentTargetsInParallel = 1;
				LastSwiftUpdateCheck = 1420;
				LastUpgradeCheck = 1540;
				TargetAttributes = {
					04CAEF5429B3029B00A4FB62 = {
						CreatedOnToolsVersion = 14.2;
					};
				};
			};
			buildConfigurationList = 04CAEF5029B3029B00A4FB62 /* Build configuration list for PBXProject "BufetecAppPrototipo" */;
			compatibilityVersion = "Xcode 14.0";
			developmentRegion = en;
			hasScannedForEncodings = 0;
			knownRegions = (
				en,
				Base,
			);
			mainGroup = 04CAEF4C29B3029B00A4FB62;
			packageReferences = (
				41D3F7752C893CD700D44145 /* XCRemoteSwiftPackageReference "ObservableUserDefault" */,
				ECE2404F2C8F96D900F84D0D /* XCRemoteSwiftPackageReference "generative-ai-swift" */,
				41AD45F02C9D274A001E43E2 /* XCRemoteSwiftPackageReference "Kingfisher" */,
			);
			productRefGroup = 04CAEF5629B3029B00A4FB62 /* Products */;
			projectDirPath = "";
			projectRoot = "";
			targets = (
				04CAEF5429B3029B00A4FB62 /* BufetecAppPrototipo */,
			);
		};
/* End PBXProject section */

/* Begin PBXResourcesBuildPhase section */
		04CAEF5329B3029B00A4FB62 /* Resources */ = {
			isa = PBXResourcesBuildPhase;
			buildActionMask = 2147483647;
			files = (
				ECB60E352C8B947C007535DB /* Nunito-Bold.ttf in Resources */,
				ECB60E3D2C8B958D007535DB /* Poppins-Bold.ttf in Resources */,
				ECB60E2B2C8B93B6007535DB /* Montserrat-Regular.ttf in Resources */,
				ECB60E232C8B92F6007535DB /* Montserrat-Bold.ttf in Resources */,
				ECB60E392C8B9509007535DB /* Nunito-Black.ttf in Resources */,
				ECB60E2F2C8B9403007535DB /* Poppins-SemiBold.ttf in Resources */,
				41D581542C6AB35D00E463CD /* Cosen-Medium.ttf in Resources */,
				ECB60E212C8B923F007535DB /* Montserrat-ExtraBold.ttf in Resources */,
				ECB60E332C8B9467007535DB /* Nunito-ExtraBold.ttf in Resources */,
				ECB60E272C8B9346007535DB /* Montserrat-SemiBold.ttf in Resources */,
				ECB60E292C8B9397007535DB /* Poppins-ExtraBold.ttf in Resources */,
				ECB60E3F2C8B9786007535DB /* Manrope-Bold.ttf in Resources */,
				ECB60E372C8B94A9007535DB /* Nunito-SemiBold.ttf in Resources */,
				04CAEF6029B3029D00A4FB62 /* Preview Assets.xcassets in Resources */,
				ECB60E412C8B9795007535DB /* Manrope-Medium.ttf in Resources */,
				ECB60E312C8B945C007535DB /* Nunito-Medium.ttf in Resources */,
				ECB60E252C8B9312007535DB /* Montserrat-Medium.ttf in Resources */,
				04CAEF5D29B3029D00A4FB62 /* Assets.xcassets in Resources */,
				ECB60E3B2C8B955B007535DB /* Nunito-Regular.ttf in Resources */,
				ECB60E2D2C8B93E6007535DB /* Poppins-Medium.ttf in Resources */,
			);
			runOnlyForDeploymentPostprocessing = 0;
		};
/* End PBXResourcesBuildPhase section */

/* Begin PBXSourcesBuildPhase section */
		04CAEF5129B3029B00A4FB62 /* Sources */ = {
			isa = PBXSourcesBuildPhase;
			buildActionMask = 2147483647;
			files = (
				4CC899032CA48B6600922AF8 /* EditProfileView.swift in Sources */,
				4CC8990A2CA48B7C00922AF8 /* DocumentScanView.swift in Sources */,
				04CAEF8B29B3051600A4FB62 /* CasesView.swift in Sources */,
				41203A412C6D4187006E1FAC /* SettingsView.swift in Sources */,
				04CAEF8929B304E600A4FB62 /* LawyerView.swift in Sources */,
				4CC899172CA48B8D00922AF8 /* ChatBot.swift in Sources */,
				4CC899272CA48BA300922AF8 /* OnboardingScreen2View.swift in Sources */,
				4CC8991C2CA48B8D00922AF8 /* OnboardingChatBotView.swift in Sources */,
				4CC8991B2CA48B8D00922AF8 /* MultiturnChatView.swift in Sources */,
				4CC8990C2CA48B7C00922AF8 /* LoginView.swift in Sources */,
				4CC8990D2CA48B7C00922AF8 /* RegisterView.swift in Sources */,
				ECB60E432C8B9B53007535DB /* Fonts.swift in Sources */,
				4CC8991A2CA48B8D00922AF8 /* LoadView.swift in Sources */,
				4CC8991F2CA48B9600922AF8 /* AppointmentsView.swift in Sources */,
				4CC899192CA48B8D00922AF8 /* ChatBubbleShape.swift in Sources */,
				4CC899292CA48BA300922AF8 /* OnboardingView.swift in Sources */,
				41F2B19E2C6FB46600DE8B10 /* AppearanceManager.swift in Sources */,
				4CC899282CA48BA300922AF8 /* OnboardingScreen3View.swift in Sources */,
				4CC899182CA48B8D00922AF8 /* ChatBubble.swift in Sources */,
				ECB146FF2CA20516009D5B70 /* ResourcesView.swift in Sources */,
				ECB147012CA2056C009D5B70 /* FAQView.swift in Sources */,
				4CC8992A2CA48BA300922AF8 /* WelcomeScreenView.swift in Sources */,
				41F2B1A02C6FB48700DE8B10 /* Appearance.swift in Sources */,
				04CAEF5B29B3029B00A4FB62 /* ContentView.swift in Sources */,
				41EB8AFA2C9D158E00929E28 /* NewsContentView.swift in Sources */,
				41EB8AFB2C9D158E00929E28 /* FullNewsView.swift in Sources */,
				4CC899262CA48BA300922AF8 /* OnboardingScreen1View.swift in Sources */,
				4CC899162CA48B8D00922AF8 /* APIKey.swift in Sources */,
				4179019C2C6FB356006D0431 /* AppearanceSelectionPicker.swift in Sources */,
				04CAEF5929B3029B00A4FB62 /* BufetecApp.swift in Sources */,
				4CC899042CA48B6600922AF8 /* ProfileView.swift in Sources */,
				ECB146FD2CA1F401009D5B70 /* ClientView.swift in Sources */,
				ECA58D422C9B4F4D0081ECDE /* AttorneysView.swift in Sources */,
				4CC8990B2CA48B7C00922AF8 /* DocumentValidationView.swift in Sources */,
				ECA58D442C9B51980081ECDE /* Attorneys.swift in Sources */,
			);
			runOnlyForDeploymentPostprocessing = 0;
		};
/* End PBXSourcesBuildPhase section */

/* Begin XCBuildConfiguration section */
		04CAEF7729B3029E00A4FB62 /* Debug */ = {
			isa = XCBuildConfiguration;
			buildSettings = {
				ALWAYS_SEARCH_USER_PATHS = NO;
				CLANG_ANALYZER_NONNULL = YES;
				CLANG_ANALYZER_NUMBER_OBJECT_CONVERSION = YES_AGGRESSIVE;
				CLANG_CXX_LANGUAGE_STANDARD = "gnu++20";
				CLANG_ENABLE_MODULES = YES;
				CLANG_ENABLE_OBJC_ARC = YES;
				CLANG_ENABLE_OBJC_WEAK = YES;
				CLANG_WARN_BLOCK_CAPTURE_AUTORELEASING = YES;
				CLANG_WARN_BOOL_CONVERSION = YES;
				CLANG_WARN_COMMA = YES;
				CLANG_WARN_CONSTANT_CONVERSION = YES;
				CLANG_WARN_DEPRECATED_OBJC_IMPLEMENTATIONS = YES;
				CLANG_WARN_DIRECT_OBJC_ISA_USAGE = YES_ERROR;
				CLANG_WARN_DOCUMENTATION_COMMENTS = YES;
				CLANG_WARN_EMPTY_BODY = YES;
				CLANG_WARN_ENUM_CONVERSION = YES;
				CLANG_WARN_INFINITE_RECURSION = YES;
				CLANG_WARN_INT_CONVERSION = YES;
				CLANG_WARN_NON_LITERAL_NULL_CONVERSION = YES;
				CLANG_WARN_OBJC_IMPLICIT_RETAIN_SELF = YES;
				CLANG_WARN_OBJC_LITERAL_CONVERSION = YES;
				CLANG_WARN_OBJC_ROOT_CLASS = YES_ERROR;
				CLANG_WARN_QUOTED_INCLUDE_IN_FRAMEWORK_HEADER = YES;
				CLANG_WARN_RANGE_LOOP_ANALYSIS = YES;
				CLANG_WARN_STRICT_PROTOTYPES = YES;
				CLANG_WARN_SUSPICIOUS_MOVE = YES;
				CLANG_WARN_UNGUARDED_AVAILABILITY = YES_AGGRESSIVE;
				CLANG_WARN_UNREACHABLE_CODE = YES;
				CLANG_WARN__DUPLICATE_METHOD_MATCH = YES;
				COPY_PHASE_STRIP = NO;
				DEBUG_INFORMATION_FORMAT = dwarf;
				ENABLE_STRICT_OBJC_MSGSEND = YES;
				ENABLE_TESTABILITY = YES;
				ENABLE_USER_SCRIPT_SANDBOXING = YES;
				GCC_C_LANGUAGE_STANDARD = gnu11;
				GCC_DYNAMIC_NO_PIC = NO;
				GCC_NO_COMMON_BLOCKS = YES;
				GCC_OPTIMIZATION_LEVEL = 0;
				GCC_PREPROCESSOR_DEFINITIONS = (
					"DEBUG=1",
					"$(inherited)",
				);
				GCC_WARN_64_TO_32_BIT_CONVERSION = YES;
				GCC_WARN_ABOUT_RETURN_TYPE = YES_ERROR;
				GCC_WARN_UNDECLARED_SELECTOR = YES;
				GCC_WARN_UNINITIALIZED_AUTOS = YES_AGGRESSIVE;
				GCC_WARN_UNUSED_FUNCTION = YES;
				GCC_WARN_UNUSED_VARIABLE = YES;
				IPHONEOS_DEPLOYMENT_TARGET = 17.0;
				MTL_ENABLE_DEBUG_INFO = INCLUDE_SOURCE;
				MTL_FAST_MATH = YES;
				ONLY_ACTIVE_ARCH = YES;
				SDKROOT = iphoneos;
				SWIFT_ACTIVE_COMPILATION_CONDITIONS = DEBUG;
				SWIFT_OPTIMIZATION_LEVEL = "-Onone";
			};
			name = Debug;
		};
		04CAEF7829B3029E00A4FB62 /* Release */ = {
			isa = XCBuildConfiguration;
			buildSettings = {
				ALWAYS_SEARCH_USER_PATHS = NO;
				CLANG_ANALYZER_NONNULL = YES;
				CLANG_ANALYZER_NUMBER_OBJECT_CONVERSION = YES_AGGRESSIVE;
				CLANG_CXX_LANGUAGE_STANDARD = "gnu++20";
				CLANG_ENABLE_MODULES = YES;
				CLANG_ENABLE_OBJC_ARC = YES;
				CLANG_ENABLE_OBJC_WEAK = YES;
				CLANG_WARN_BLOCK_CAPTURE_AUTORELEASING = YES;
				CLANG_WARN_BOOL_CONVERSION = YES;
				CLANG_WARN_COMMA = YES;
				CLANG_WARN_CONSTANT_CONVERSION = YES;
				CLANG_WARN_DEPRECATED_OBJC_IMPLEMENTATIONS = YES;
				CLANG_WARN_DIRECT_OBJC_ISA_USAGE = YES_ERROR;
				CLANG_WARN_DOCUMENTATION_COMMENTS = YES;
				CLANG_WARN_EMPTY_BODY = YES;
				CLANG_WARN_ENUM_CONVERSION = YES;
				CLANG_WARN_INFINITE_RECURSION = YES;
				CLANG_WARN_INT_CONVERSION = YES;
				CLANG_WARN_NON_LITERAL_NULL_CONVERSION = YES;
				CLANG_WARN_OBJC_IMPLICIT_RETAIN_SELF = YES;
				CLANG_WARN_OBJC_LITERAL_CONVERSION = YES;
				CLANG_WARN_OBJC_ROOT_CLASS = YES_ERROR;
				CLANG_WARN_QUOTED_INCLUDE_IN_FRAMEWORK_HEADER = YES;
				CLANG_WARN_RANGE_LOOP_ANALYSIS = YES;
				CLANG_WARN_STRICT_PROTOTYPES = YES;
				CLANG_WARN_SUSPICIOUS_MOVE = YES;
				CLANG_WARN_UNGUARDED_AVAILABILITY = YES_AGGRESSIVE;
				CLANG_WARN_UNREACHABLE_CODE = YES;
				CLANG_WARN__DUPLICATE_METHOD_MATCH = YES;
				COPY_PHASE_STRIP = NO;
				DEBUG_INFORMATION_FORMAT = "dwarf-with-dsym";
				ENABLE_NS_ASSERTIONS = NO;
				ENABLE_STRICT_OBJC_MSGSEND = YES;
				ENABLE_USER_SCRIPT_SANDBOXING = YES;
				GCC_C_LANGUAGE_STANDARD = gnu11;
				GCC_NO_COMMON_BLOCKS = YES;
				GCC_WARN_64_TO_32_BIT_CONVERSION = YES;
				GCC_WARN_ABOUT_RETURN_TYPE = YES_ERROR;
				GCC_WARN_UNDECLARED_SELECTOR = YES;
				GCC_WARN_UNINITIALIZED_AUTOS = YES_AGGRESSIVE;
				GCC_WARN_UNUSED_FUNCTION = YES;
				GCC_WARN_UNUSED_VARIABLE = YES;
				IPHONEOS_DEPLOYMENT_TARGET = 17.0;
				MTL_ENABLE_DEBUG_INFO = NO;
				MTL_FAST_MATH = YES;
				SDKROOT = iphoneos;
				SWIFT_COMPILATION_MODE = wholemodule;
				SWIFT_OPTIMIZATION_LEVEL = "-O";
				VALIDATE_PRODUCT = YES;
			};
			name = Release;
		};
		04CAEF7A29B3029E00A4FB62 /* Debug */ = {
			isa = XCBuildConfiguration;
			buildSettings = {
				ASSETCATALOG_COMPILER_APPICON_NAME = AppIcon;
				ASSETCATALOG_COMPILER_GLOBAL_ACCENT_COLOR_NAME = AccentColor;
				CODE_SIGN_STYLE = Automatic;
				CURRENT_PROJECT_VERSION = 1;
				DEVELOPMENT_ASSET_PATHS = "\"BufetecAppPrototipo/Preview Content\"";
				DEVELOPMENT_TEAM = 37A8UMU294;
				ENABLE_PREVIEWS = YES;
				GENERATE_INFOPLIST_FILE = YES;
				INFOPLIST_FILE = BufetecAppPrototipo/Info.plist;
				INFOPLIST_KEY_CFBundleDisplayName = Bufetec;
				INFOPLIST_KEY_NSCameraUsageDescription = "Necesitamos acceder a la cámara para escanear tu identificación.";
				INFOPLIST_KEY_UIApplicationSceneManifest_Generation = YES;
				INFOPLIST_KEY_UIApplicationSupportsIndirectInputEvents = YES;
				INFOPLIST_KEY_UILaunchScreen_Generation = YES;
				INFOPLIST_KEY_UISupportedInterfaceOrientations = UIInterfaceOrientationPortrait;
				INFOPLIST_KEY_UISupportedInterfaceOrientations_iPad = "UIInterfaceOrientationLandscapeLeft UIInterfaceOrientationLandscapeRight UIInterfaceOrientationPortrait UIInterfaceOrientationPortraitUpsideDown";
				IPHONEOS_DEPLOYMENT_TARGET = 17.0;
				LD_RUNPATH_SEARCH_PATHS = (
					"$(inherited)",
					"@executable_path/Frameworks",
				);
				MARKETING_VERSION = 1.0;
				PRODUCT_BUNDLE_IDENTIFIER = BufetecAppPrototipo;
				PRODUCT_NAME = "$(TARGET_NAME)";
				SUPPORTED_PLATFORMS = "iphoneos iphonesimulator";
				SUPPORTS_MACCATALYST = NO;
				SUPPORTS_MAC_DESIGNED_FOR_IPHONE_IPAD = NO;
				SUPPORTS_XR_DESIGNED_FOR_IPHONE_IPAD = NO;
				SWIFT_EMIT_LOC_STRINGS = YES;
				SWIFT_VERSION = 5.0;
				TARGETED_DEVICE_FAMILY = 1;
			};
			name = Debug;
		};
		04CAEF7B29B3029E00A4FB62 /* Release */ = {
			isa = XCBuildConfiguration;
			buildSettings = {
				ASSETCATALOG_COMPILER_APPICON_NAME = AppIcon;
				ASSETCATALOG_COMPILER_GLOBAL_ACCENT_COLOR_NAME = AccentColor;
				CODE_SIGN_STYLE = Automatic;
				CURRENT_PROJECT_VERSION = 1;
				DEVELOPMENT_ASSET_PATHS = "\"BufetecAppPrototipo/Preview Content\"";
				DEVELOPMENT_TEAM = 37A8UMU294;
				ENABLE_PREVIEWS = YES;
				GENERATE_INFOPLIST_FILE = YES;
				INFOPLIST_FILE = BufetecAppPrototipo/Info.plist;
				INFOPLIST_KEY_CFBundleDisplayName = Bufetec;
				INFOPLIST_KEY_NSCameraUsageDescription = "Necesitamos acceder a la cámara para escanear tu identificación.";
				INFOPLIST_KEY_UIApplicationSceneManifest_Generation = YES;
				INFOPLIST_KEY_UIApplicationSupportsIndirectInputEvents = YES;
				INFOPLIST_KEY_UILaunchScreen_Generation = YES;
				INFOPLIST_KEY_UISupportedInterfaceOrientations = UIInterfaceOrientationPortrait;
				INFOPLIST_KEY_UISupportedInterfaceOrientations_iPad = "UIInterfaceOrientationLandscapeLeft UIInterfaceOrientationLandscapeRight UIInterfaceOrientationPortrait UIInterfaceOrientationPortraitUpsideDown";
				IPHONEOS_DEPLOYMENT_TARGET = 17.0;
				LD_RUNPATH_SEARCH_PATHS = (
					"$(inherited)",
					"@executable_path/Frameworks",
				);
				MARKETING_VERSION = 1.0;
				PRODUCT_BUNDLE_IDENTIFIER = BufetecAppPrototipo;
				PRODUCT_NAME = "$(TARGET_NAME)";
				SUPPORTED_PLATFORMS = "iphoneos iphonesimulator";
				SUPPORTS_MACCATALYST = NO;
				SUPPORTS_MAC_DESIGNED_FOR_IPHONE_IPAD = NO;
				SUPPORTS_XR_DESIGNED_FOR_IPHONE_IPAD = NO;
				SWIFT_EMIT_LOC_STRINGS = YES;
				SWIFT_VERSION = 5.0;
				TARGETED_DEVICE_FAMILY = 1;
			};
			name = Release;
		};
/* End XCBuildConfiguration section */

/* Begin XCConfigurationList section */
		04CAEF5029B3029B00A4FB62 /* Build configuration list for PBXProject "BufetecAppPrototipo" */ = {
			isa = XCConfigurationList;
			buildConfigurations = (
				04CAEF7729B3029E00A4FB62 /* Debug */,
				04CAEF7829B3029E00A4FB62 /* Release */,
			);
			defaultConfigurationIsVisible = 0;
			defaultConfigurationName = Release;
		};
		04CAEF7929B3029E00A4FB62 /* Build configuration list for PBXNativeTarget "BufetecAppPrototipo" */ = {
			isa = XCConfigurationList;
			buildConfigurations = (
				04CAEF7A29B3029E00A4FB62 /* Debug */,
				04CAEF7B29B3029E00A4FB62 /* Release */,
			);
			defaultConfigurationIsVisible = 0;
			defaultConfigurationName = Release;
		};
/* End XCConfigurationList section */

/* Begin XCRemoteSwiftPackageReference section */
		41AD45F02C9D274A001E43E2 /* XCRemoteSwiftPackageReference "Kingfisher" */ = {
			isa = XCRemoteSwiftPackageReference;
			repositoryURL = "https://github.com/onevcat/Kingfisher.git";
			requirement = {
				kind = upToNextMajorVersion;
				minimumVersion = 8.0.1;
			};
		};
		41D3F7752C893CD700D44145 /* XCRemoteSwiftPackageReference "ObservableUserDefault" */ = {
			isa = XCRemoteSwiftPackageReference;
			repositoryURL = "https://github.com/davidsteppenbeck/ObservableUserDefault.git";
			requirement = {
				kind = upToNextMajorVersion;
				minimumVersion = 1.3.1;
			};
		};
		ECE2404F2C8F96D900F84D0D /* XCRemoteSwiftPackageReference "generative-ai-swift" */ = {
			isa = XCRemoteSwiftPackageReference;
			repositoryURL = "https://github.com/google-gemini/generative-ai-swift";
			requirement = {
				kind = upToNextMajorVersion;
				minimumVersion = 0.5.6;
			};
		};
/* End XCRemoteSwiftPackageReference section */

/* Begin XCSwiftPackageProductDependency section */
		41AD45F12C9D274A001E43E2 /* Kingfisher */ = {
			isa = XCSwiftPackageProductDependency;
			package = 41AD45F02C9D274A001E43E2 /* XCRemoteSwiftPackageReference "Kingfisher" */;
			productName = Kingfisher;
		};
		41D3F7762C893CD700D44145 /* ObservableUserDefault */ = {
			isa = XCSwiftPackageProductDependency;
			package = 41D3F7752C893CD700D44145 /* XCRemoteSwiftPackageReference "ObservableUserDefault" */;
			productName = ObservableUserDefault;
		};
		ECE240502C8F96DA00F84D0D /* GoogleGenerativeAI */ = {
			isa = XCSwiftPackageProductDependency;
			package = ECE2404F2C8F96D900F84D0D /* XCRemoteSwiftPackageReference "generative-ai-swift" */;
			productName = GoogleGenerativeAI;
		};
/* End XCSwiftPackageProductDependency section */
	};
	rootObject = 04CAEF4D29B3029B00A4FB62 /* Project object */;
}
